// !$*UTF8*$!
{
	archiveVersion = 1;
	classes = {
	};
	objectVersion = 77;
	objects = {

/* Begin PBXBuildFile section */
		52A1B2C32F0A1B2C0031E0F7 /* AppIntents.framework in Frameworks */ = {isa = PBXBuildFile; fileRef = 52A1B2C42F0A1B2C0031E0F7 /* AppIntents.framework */; };
/* End PBXBuildFile section */

/* Begin PBXContainerItemProxy section */
		528C00AF2F08892100A6E0F7 /* PBXContainerItemProxy */ = {
			isa = PBXContainerItemProxy;
			containerPortal = 528C00972F08892000A6E0F7 /* Project object */;
			proxyType = 1;
			remoteGlobalIDString = 528C009E2F08892000A6E0F7;
			remoteInfo = StoryCast;
		};
		528C00B92F08892100A6E0F7 /* PBXContainerItemProxy */ = {
			isa = PBXContainerItemProxy;
			containerPortal = 528C00972F08892000A6E0F7 /* Project object */;
			proxyType = 1;
			remoteGlobalIDString = 528C009E2F08892000A6E0F7;
			remoteInfo = StoryCast;
		};
/* End PBXContainerItemProxy section */

/* Begin PBXFileReference section */
		528C009F2F08892000A6E0F7 /* StoryCast.app */ = {isa = PBXFileReference; explicitFileType = wrapper.application; includeInIndex = 0; path = StoryCast.app; sourceTree = BUILT_PRODUCTS_DIR; };
		528C00AE2F08892100A6E0F7 /* StoryCastTests.xctest */ = {isa = PBXFileReference; explicitFileType = wrapper.cfbundle; includeInIndex = 0; path = StoryCastTests.xctest; sourceTree = BUILT_PRODUCTS_DIR; };
		528C00B82F08892100A6E0F7 /* StoryCastUITests.xctest */ = {isa = PBXFileReference; explicitFileType = wrapper.cfbundle; includeInIndex = 0; path = StoryCastUITests.xctest; sourceTree = BUILT_PRODUCTS_DIR; };
		52A1B2C42F0A1B2C0031E0F7 /* AppIntents.framework */ = {isa = PBXFileReference; lastKnownFileType = wrapper.framework; name = AppIntents.framework; path = System/Library/Frameworks/AppIntents.framework; sourceTree = SDKROOT; };
/* End PBXFileReference section */

/* Begin PBXFileSystemSynchronizedRootGroup section */
		528C00A12F08892000A6E0F7 /* StoryCast */ = {
			isa = PBXFileSystemSynchronizedRootGroup;
			path = StoryCast;
			sourceTree = "<group>";
		};
		528C00B12F08892100A6E0F7 /* StoryCastTests */ = {
			isa = PBXFileSystemSynchronizedRootGroup;
			path = StoryCastTests;
			sourceTree = "<group>";
		};
		528C00BB2F08892100A6E0F7 /* StoryCastUITests */ = {
			isa = PBXFileSystemSynchronizedRootGroup;
			path = StoryCastUITests;
			sourceTree = "<group>";
		};
/* End PBXFileSystemSynchronizedRootGroup section */

/* Begin PBXFrameworksBuildPhase section */
		528C009C2F08892000A6E0F7 /* Frameworks */ = {
			isa = PBXFrameworksBuildPhase;
			buildActionMask = 2147483647;
			files = (
				52A1B2C32F0A1B2C0031E0F7 /* AppIntents.framework in Frameworks */,
			);
			runOnlyForDeploymentPostprocessing = 0;
		};
		528C00AB2F08892100A6E0F7 /* Frameworks */ = {
			isa = PBXFrameworksBuildPhase;
			buildActionMask = 2147483647;
			files = (
			);
			runOnlyForDeploymentPostprocessing = 0;
		};
		528C00B52F08892100A6E0F7 /* Frameworks */ = {
			isa = PBXFrameworksBuildPhase;
			buildActionMask = 2147483647;
			files = (
			);
			runOnlyForDeploymentPostprocessing = 0;
		};
/* End PBXFrameworksBuildPhase section */

/* Begin PBXGroup section */
		528C00962F08892000A6E0F7 = {
			isa = PBXGroup;
			children = (
				528C00A12F08892000A6E0F7 /* StoryCast */,
				528C00B12F08892100A6E0F7 /* StoryCastTests */,
				528C00BB2F08892100A6E0F7 /* StoryCastUITests */,
				528C00A02F08892000A6E0F7 /* Products */,
				52A1B2C52F0A1B2C0031E0F7 /* Frameworks */,
			);
			sourceTree = "<group>";
		};
		528C00A02F08892000A6E0F7 /* Products */ = {
			isa = PBXGroup;
			children = (
				528C009F2F08892000A6E0F7 /* StoryCast.app */,
				528C00AE2F08892100A6E0F7 /* StoryCastTests.xctest */,
				528C00B82F08892100A6E0F7 /* StoryCastUITests.xctest */,
			);
			name = Products;
			sourceTree = "<group>";
		};
		52A1B2C52F0A1B2C0031E0F7 /* Frameworks */ = {
			isa = PBXGroup;
			children = (
				52A1B2C42F0A1B2C0031E0F7 /* AppIntents.framework */,
			);
			name = Frameworks;
			sourceTree = "<group>";
		};
/* End PBXGroup section */

/* Begin PBXNativeTarget section */
		528C009E2F08892000A6E0F7 /* StoryCast */ = {
			isa = PBXNativeTarget;
			buildConfigurationList = 528C00C22F08892100A6E0F7 /* Build configuration list for PBXNativeTarget "StoryCast" */;
			buildPhases = (
				528C009B2F08892000A6E0F7 /* Sources */,
				528C009C2F08892000A6E0F7 /* Frameworks */,
				528C009D2F08892000A6E0F7 /* Resources */,
			);
			buildRules = (
			);
			dependencies = (
			);
			fileSystemSynchronizedGroups = (
				528C00A12F08892000A6E0F7 /* StoryCast */,
			);
			name = StoryCast;
			packageProductDependencies = (
			);
			productName = StoryCast;
			productReference = 528C009F2F08892000A6E0F7 /* StoryCast.app */;
			productType = "com.apple.product-type.application";
		};
		528C00AD2F08892100A6E0F7 /* StoryCastTests */ = {
			isa = PBXNativeTarget;
			buildConfigurationList = 528C00C52F08892100A6E0F7 /* Build configuration list for PBXNativeTarget "StoryCastTests" */;
			buildPhases = (
				528C00AA2F08892100A6E0F7 /* Sources */,
				528C00AB2F08892100A6E0F7 /* Frameworks */,
				528C00AC2F08892100A6E0F7 /* Resources */,
			);
			buildRules = (
			);
			dependencies = (
				528C00B02F08892100A6E0F7 /* PBXTargetDependency */,
			);
			fileSystemSynchronizedGroups = (
				528C00B12F08892100A6E0F7 /* StoryCastTests */,
			);
			name = StoryCastTests;
			packageProductDependencies = (
			);
			productName = StoryCastTests;
			productReference = 528C00AE2F08892100A6E0F7 /* StoryCastTests.xctest */;
			productType = "com.apple.product-type.bundle.unit-test";
		};
		528C00B72F08892100A6E0F7 /* StoryCastUITests */ = {
			isa = PBXNativeTarget;
			buildConfigurationList = 528C00C82F08892100A6E0F7 /* Build configuration list for PBXNativeTarget "StoryCastUITests" */;
			buildPhases = (
				528C00B42F08892100A6E0F7 /* Sources */,
				528C00B52F08892100A6E0F7 /* Frameworks */,
				528C00B62F08892100A6E0F7 /* Resources */,
			);
			buildRules = (
			);
			dependencies = (
				528C00BA2F08892100A6E0F7 /* PBXTargetDependency */,
			);
			fileSystemSynchronizedGroups = (
				528C00BB2F08892100A6E0F7 /* StoryCastUITests */,
			);
			name = StoryCastUITests;
			packageProductDependencies = (
			);
			productName = StoryCastUITests;
			productReference = 528C00B82F08892100A6E0F7 /* StoryCastUITests.xctest */;
			productType = "com.apple.product-type.bundle.ui-testing";
		};
/* End PBXNativeTarget section */

/* Begin PBXProject section */
		528C00972F08892000A6E0F7 /* Project object */ = {
			isa = PBXProject;
			attributes = {
				BuildIndependentTargetsInParallel = 1;
				LastSwiftUpdateCheck = 2620;
				LastUpgradeCheck = 2620;
				TargetAttributes = {
					528C009E2F08892000A6E0F7 = {
						CreatedOnToolsVersion = 26.2;
					};
					528C00AD2F08892100A6E0F7 = {
						CreatedOnToolsVersion = 26.2;
						TestTargetID = 528C009E2F08892000A6E0F7;
					};
					528C00B72F08892100A6E0F7 = {
						CreatedOnToolsVersion = 26.2;
						TestTargetID = 528C009E2F08892000A6E0F7;
					};
				};
			};
			buildConfigurationList = 528C009A2F08892000A6E0F7 /* Build configuration list for PBXProject "StoryCast" */;
			developmentRegion = en;
			hasScannedForEncodings = 0;
			knownRegions = (
				en,
				Base,
			);
			mainGroup = 528C00962F08892000A6E0F7;
			minimizedProjectReferenceProxies = 1;
			preferredProjectObjectVersion = 77;
			productRefGroup = 528C00A02F08892000A6E0F7 /* Products */;
			projectDirPath = "";
			projectRoot = "";
			targets = (
				528C009E2F08892000A6E0F7 /* StoryCast */,
				528C00AD2F08892100A6E0F7 /* StoryCastTests */,
				528C00B72F08892100A6E0F7 /* StoryCastUITests */,
			);
		};
/* End PBXProject section */

/* Begin PBXResourcesBuildPhase section */
		528C009D2F08892000A6E0F7 /* Resources */ = {
			isa = PBXResourcesBuildPhase;
			buildActionMask = 2147483647;
			files = (
			);
			runOnlyForDeploymentPostprocessing = 0;
		};
		528C00AC2F08892100A6E0F7 /* Resources */ = {
			isa = PBXResourcesBuildPhase;
			buildActionMask = 2147483647;
			files = (
			);
			runOnlyForDeploymentPostprocessing = 0;
		};
		528C00B62F08892100A6E0F7 /* Resources */ = {
			isa = PBXResourcesBuildPhase;
			buildActionMask = 2147483647;
			files = (
			);
			runOnlyForDeploymentPostprocessing = 0;
		};
/* End PBXResourcesBuildPhase section */

/* Begin PBXSourcesBuildPhase section */
		528C009B2F08892000A6E0F7 /* Sources */ = {
			isa = PBXSourcesBuildPhase;
			buildActionMask = 2147483647;
			files = (
			);
			runOnlyForDeploymentPostprocessing = 0;
		};
		528C00AA2F08892100A6E0F7 /* Sources */ = {
			isa = PBXSourcesBuildPhase;
			buildActionMask = 2147483647;
			files = (
			);
			runOnlyForDeploymentPostprocessing = 0;
		};
		528C00B42F08892100A6E0F7 /* Sources */ = {
			isa = PBXSourcesBuildPhase;
			buildActionMask = 2147483647;
			files = (
			);
			runOnlyForDeploymentPostprocessing = 0;
		};
/* End PBXSourcesBuildPhase section */

/* Begin PBXTargetDependency section */
		528C00B02F08892100A6E0F7 /* PBXTargetDependency */ = {
			isa = PBXTargetDependency;
			target = 528C009E2F08892000A6E0F7 /* StoryCast */;
			targetProxy = 528C00AF2F08892100A6E0F7 /* PBXContainerItemProxy */;
		};
		528C00BA2F08892100A6E0F7 /* PBXTargetDependency */ = {
			isa = PBXTargetDependency;
			target = 528C009E2F08892000A6E0F7 /* StoryCast */;
			targetProxy = 528C00B92F08892100A6E0F7 /* PBXContainerItemProxy */;
		};
/* End PBXTargetDependency section */

/* Begin XCBuildConfiguration section */
		528C00C02F08892100A6E0F7 /* Debug */ = {
			isa = XCBuildConfiguration;
			buildSettings = {
				ALWAYS_SEARCH_USER_PATHS = NO;
				ASSETCATALOG_COMPILER_GENERATE_SWIFT_ASSET_SYMBOL_EXTENSIONS = YES;
				CLANG_ANALYZER_NONNULL = YES;
				CLANG_ANALYZER_NUMBER_OBJECT_CONVERSION = YES_AGGRESSIVE;
				CLANG_CXX_LANGUAGE_STANDARD = "gnu++20";
				CLANG_ENABLE_MODULES = YES;
				CLANG_ENABLE_OBJC_ARC = YES;
				CLANG_ENABLE_OBJC_WEAK = YES;
				CLANG_WARN_BLOCK_CAPTURE_AUTORELEASING = YES;
				CLANG_WARN_BOOL_CONVERSION = YES;
				CLANG_WARN_COMMA = YES;
				CLANG_WARN_CONSTANT_CONVERSION = YES;
				CLANG_WARN_DEPRECATED_OBJC_IMPLEMENTATIONS = YES;
				CLANG_WARN_DIRECT_OBJC_ISA_USAGE = YES_ERROR;
				CLANG_WARN_DOCUMENTATION_COMMENTS = YES;
				CLANG_WARN_EMPTY_BODY = YES;
				CLANG_WARN_ENUM_CONVERSION = YES;
				CLANG_WARN_INFINITE_RECURSION = YES;
				CLANG_WARN_INT_CONVERSION = YES;
				CLANG_WARN_NON_LITERAL_NULL_CONVERSION = YES;
				CLANG_WARN_OBJC_IMPLICIT_RETAIN_SELF = YES;
				CLANG_WARN_OBJC_LITERAL_CONVERSION = YES;
				CLANG_WARN_OBJC_ROOT_CLASS = YES_ERROR;
				CLANG_WARN_QUOTED_INCLUDE_IN_FRAMEWORK_HEADER = YES;
				CLANG_WARN_RANGE_LOOP_ANALYSIS = YES;
				CLANG_WARN_STRICT_PROTOTYPES = YES;
				CLANG_WARN_SUSPICIOUS_MOVE = YES;
				CLANG_WARN_UNGUARDED_AVAILABILITY = YES_AGGRESSIVE;
				CLANG_WARN_UNREACHABLE_CODE = YES;
				CLANG_WARN__DUPLICATE_METHOD_MATCH = YES;
				COPY_PHASE_STRIP = NO;
				DEBUG_INFORMATION_FORMAT = dwarf;
				DEVELOPMENT_TEAM = ZY5G2U9YN3;
				ENABLE_STRICT_OBJC_MSGSEND = YES;
				ENABLE_TESTABILITY = YES;
				ENABLE_USER_SCRIPT_SANDBOXING = YES;
				GCC_C_LANGUAGE_STANDARD = gnu17;
				GCC_DYNAMIC_NO_PIC = NO;
				GCC_NO_COMMON_BLOCKS = YES;
				GCC_OPTIMIZATION_LEVEL = 0;
				GCC_PREPROCESSOR_DEFINITIONS = (
					"DEBUG=1",
					"$(inherited)",
				);
				GCC_WARN_64_TO_32_BIT_CONVERSION = YES;
				GCC_WARN_ABOUT_RETURN_TYPE = YES_ERROR;
				GCC_WARN_UNDECLARED_SELECTOR = YES;
				GCC_WARN_UNINITIALIZED_AUTOS = YES_AGGRESSIVE;
				GCC_WARN_UNUSED_FUNCTION = YES;
				GCC_WARN_UNUSED_VARIABLE = YES;
				IPHONEOS_DEPLOYMENT_TARGET = 17.0;
				LOCALIZATION_PREFERS_STRING_CATALOGS = YES;
				MTL_ENABLE_DEBUG_INFO = INCLUDE_SOURCE;
				MTL_FAST_MATH = YES;
				ONLY_ACTIVE_ARCH = YES;
				SDKROOT = iphoneos;
				SWIFT_ACTIVE_COMPILATION_CONDITIONS = "DEBUG $(inherited)";
				SWIFT_OPTIMIZATION_LEVEL = "-Onone";
			};
			name = Debug;
		};
		528C00C12F08892100A6E0F7 /* Release */ = {
			isa = XCBuildConfiguration;
			buildSettings = {
				ALWAYS_SEARCH_USER_PATHS = NO;
				ASSETCATALOG_COMPILER_GENERATE_SWIFT_ASSET_SYMBOL_EXTENSIONS = YES;
				CLANG_ANALYZER_NONNULL = YES;
				CLANG_ANALYZER_NUMBER_OBJECT_CONVERSION = YES_AGGRESSIVE;
				CLANG_CXX_LANGUAGE_STANDARD = "gnu++20";
				CLANG_ENABLE_MODULES = YES;
				CLANG_ENABLE_OBJC_ARC = YES;
				CLANG_ENABLE_OBJC_WEAK = YES;
				CLANG_WARN_BLOCK_CAPTURE_AUTORELEASING = YES;
				CLANG_WARN_BOOL_CONVERSION = YES;
				CLANG_WARN_COMMA = YES;
				CLANG_WARN_CONSTANT_CONVERSION = YES;
				CLANG_WARN_DEPRECATED_OBJC_IMPLEMENTATIONS = YES;
				CLANG_WARN_DIRECT_OBJC_ISA_USAGE = YES_ERROR;
				CLANG_WARN_DOCUMENTATION_COMMENTS = YES;
				CLANG_WARN_EMPTY_BODY = YES;
				CLANG_WARN_ENUM_CONVERSION = YES;
				CLANG_WARN_INFINITE_RECURSION = YES;
				CLANG_WARN_INT_CONVERSION = YES;
				CLANG_WARN_NON_LITERAL_NULL_CONVERSION = YES;
				CLANG_WARN_OBJC_IMPLICIT_RETAIN_SELF = YES;
				CLANG_WARN_OBJC_LITERAL_CONVERSION = YES;
				CLANG_WARN_OBJC_ROOT_CLASS = YES_ERROR;
				CLANG_WARN_QUOTED_INCLUDE_IN_FRAMEWORK_HEADER = YES;
				CLANG_WARN_RANGE_LOOP_ANALYSIS = YES;
				CLANG_WARN_STRICT_PROTOTYPES = YES;
				CLANG_WARN_SUSPICIOUS_MOVE = YES;
				CLANG_WARN_UNGUARDED_AVAILABILITY = YES_AGGRESSIVE;
				CLANG_WARN_UNREACHABLE_CODE = YES;
				CLANG_WARN__DUPLICATE_METHOD_MATCH = YES;
				COPY_PHASE_STRIP = NO;
				DEBUG_INFORMATION_FORMAT = "dwarf-with-dsym";
				DEVELOPMENT_TEAM = ZY5G2U9YN3;
				ENABLE_NS_ASSERTIONS = NO;
				ENABLE_STRICT_OBJC_MSGSEND = YES;
				ENABLE_USER_SCRIPT_SANDBOXING = YES;
				GCC_C_LANGUAGE_STANDARD = gnu17;
				GCC_NO_COMMON_BLOCKS = YES;
				GCC_WARN_64_TO_32_BIT_CONVERSION = YES;
				GCC_WARN_ABOUT_RETURN_TYPE = YES_ERROR;
				GCC_WARN_UNDECLARED_SELECTOR = YES;
				GCC_WARN_UNINITIALIZED_AUTOS = YES_AGGRESSIVE;
				GCC_WARN_UNUSED_FUNCTION = YES;
				GCC_WARN_UNUSED_VARIABLE = YES;
				IPHONEOS_DEPLOYMENT_TARGET = 17.0;
				LOCALIZATION_PREFERS_STRING_CATALOGS = YES;
				MTL_ENABLE_DEBUG_INFO = NO;
				MTL_FAST_MATH = YES;
				SDKROOT = iphoneos;
				SWIFT_COMPILATION_MODE = wholemodule;
				VALIDATE_PRODUCT = YES;
			};
			name = Release;
		};
		528C00C32F08892100A6E0F7 /* Debug */ = {
			isa = XCBuildConfiguration;
			buildSettings = {
				APP_INTENTS_METADATA_EXTRACTION_MODE = None;
				ASSETCATALOG_COMPILER_APPICON_NAME = AppIcon;
				ASSETCATALOG_COMPILER_GLOBAL_ACCENT_COLOR_NAME = AccentColor;
				CODE_SIGN_STYLE = Automatic;
				CURRENT_PROJECT_VERSION = 1;
				DEVELOPMENT_TEAM = ZY5G2U9YN3;
				ENABLE_PREVIEWS = YES;
				GENERATE_INFOPLIST_FILE = NO;
				INFOPLIST_FILE = Info.plist;
				INFOPLIST_KEY_UIApplicationSceneManifest_Generation = YES;
				INFOPLIST_KEY_UIApplicationSupportsIndirectInputEvents = YES;
				INFOPLIST_KEY_UILaunchScreen_Generation = YES;
				INFOPLIST_KEY_UISupportedInterfaceOrientations_iPad = "UIInterfaceOrientationPortrait UIInterfaceOrientationPortraitUpsideDown UIInterfaceOrientationLandscapeLeft UIInterfaceOrientationLandscapeRight";
				INFOPLIST_KEY_UISupportedInterfaceOrientations_iPhone = "UIInterfaceOrientationPortrait UIInterfaceOrientationLandscapeLeft UIInterfaceOrientationLandscapeRight";
				IPHONEOS_DEPLOYMENT_TARGET = 17.0;
				LD_RUNPATH_SEARCH_PATHS = (
					"$(inherited)",
					"@executable_path/Frameworks",
				);
				MARKETING_VERSION = 1.0;
				PRODUCT_BUNDLE_IDENTIFIER = IoannisManologlou.StoryCast;
				PRODUCT_NAME = StoryCast;
				STRING_CATALOG_GENERATE_SYMBOLS = YES;
				SWIFT_APPROACHABLE_CONCURRENCY = YES;
				SWIFT_DEFAULT_ACTOR_ISOLATION = MainActor;
				SWIFT_EMIT_LOC_STRINGS = YES;
				SWIFT_VERSION = 6;
				TARGETED_DEVICE_FAMILY = "1,2";
			};
			name = Debug;
		};
		528C00C42F08892100A6E0F7 /* Release */ = {
			isa = XCBuildConfiguration;
			buildSettings = {
				APP_INTENTS_METADATA_EXTRACTION_MODE = None;
				ASSETCATALOG_COMPILER_APPICON_NAME = AppIcon;
				ASSETCATALOG_COMPILER_GLOBAL_ACCENT_COLOR_NAME = AccentColor;
				CODE_SIGN_STYLE = Automatic;
				CURRENT_PROJECT_VERSION = 1;
				DEVELOPMENT_TEAM = ZY5G2U9YN3;
				ENABLE_PREVIEWS = YES;
				GENERATE_INFOPLIST_FILE = NO;
				INFOPLIST_FILE = Info.plist;
				INFOPLIST_KEY_UIApplicationSceneManifest_Generation = YES;
				INFOPLIST_KEY_UIApplicationSupportsIndirectInputEvents = YES;
				INFOPLIST_KEY_UILaunchScreen_Generation = YES;
				INFOPLIST_KEY_UISupportedInterfaceOrientations_iPad = "UIInterfaceOrientationPortrait UIInterfaceOrientationPortraitUpsideDown UIInterfaceOrientationLandscapeLeft UIInterfaceOrientationLandscapeRight";
				INFOPLIST_KEY_UISupportedInterfaceOrientations_iPhone = "UIInterfaceOrientationPortrait UIInterfaceOrientationLandscapeLeft UIInterfaceOrientationLandscapeRight";
				IPHONEOS_DEPLOYMENT_TARGET = 17.0;
				LD_RUNPATH_SEARCH_PATHS = (
					"$(inherited)",
					"@executable_path/Frameworks",
				);
				MARKETING_VERSION = 1.0;
				PRODUCT_BUNDLE_IDENTIFIER = IoannisManologlou.StoryCast;
				PRODUCT_NAME = StoryCast;
				STRING_CATALOG_GENERATE_SYMBOLS = YES;
				SWIFT_APPROACHABLE_CONCURRENCY = YES;
				SWIFT_DEFAULT_ACTOR_ISOLATION = MainActor;
				SWIFT_EMIT_LOC_STRINGS = YES;
				SWIFT_VERSION = 6;
				TARGETED_DEVICE_FAMILY = "1,2";
			};
			name = Release;
		};
		528C00C62F08892100A6E0F7 /* Debug */ = {
			isa = XCBuildConfiguration;
			buildSettings = {
				BUNDLE_LOADER = "$(TEST_HOST)";
				CODE_SIGN_STYLE = Automatic;
				CURRENT_PROJECT_VERSION = 1;
				DEVELOPMENT_TEAM = ZY5G2U9YN3;
				GENERATE_INFOPLIST_FILE = YES;
				IPHONEOS_DEPLOYMENT_TARGET = 17.0;
				MARKETING_VERSION = 1.0;
				PRODUCT_BUNDLE_IDENTIFIER = IoannisManologlou.StoryCastTests;
				PRODUCT_NAME = "$(TARGET_NAME)";
				STRING_CATALOG_GENERATE_SYMBOLS = NO;
				SWIFT_APPROACHABLE_CONCURRENCY = YES;
				SWIFT_EMIT_LOC_STRINGS = NO;
				SWIFT_VERSION = 6;
				TARGETED_DEVICE_FAMILY = "1,2";
				TEST_HOST = "$(BUILT_PRODUCTS_DIR)/StoryCast.app/$(BUNDLE_EXECUTABLE_FOLDER_PATH)/StoryCast";
			};
			name = Debug;
		};
		528C00C72F08892100A6E0F7 /* Release */ = {
			isa = XCBuildConfiguration;
			buildSettings = {
				BUNDLE_LOADER = "$(TEST_HOST)";
				CODE_SIGN_STYLE = Automatic;
				CURRENT_PROJECT_VERSION = 1;
				DEVELOPMENT_TEAM = ZY5G2U9YN3;
				GENERATE_INFOPLIST_FILE = YES;
				IPHONEOS_DEPLOYMENT_TARGET = 17.0;
				MARKETING_VERSION = 1.0;
				PRODUCT_BUNDLE_IDENTIFIER = IoannisManologlou.StoryCastTests;
				PRODUCT_NAME = "$(TARGET_NAME)";
				STRING_CATALOG_GENERATE_SYMBOLS = NO;
				SWIFT_APPROACHABLE_CONCURRENCY = YES;
				SWIFT_EMIT_LOC_STRINGS = NO;
				SWIFT_VERSION = 6;
				TARGETED_DEVICE_FAMILY = "1,2";
				TEST_HOST = "$(BUILT_PRODUCTS_DIR)/StoryCast.app/$(BUNDLE_EXECUTABLE_FOLDER_PATH)/StoryCast";
			};
			name = Release;
		};
		528C00C92F08892100A6E0F7 /* Debug */ = {
			isa = XCBuildConfiguration;
			buildSettings = {
				CODE_SIGN_STYLE = Automatic;
				CURRENT_PROJECT_VERSION = 1;
				DEVELOPMENT_TEAM = ZY5G2U9YN3;
				GENERATE_INFOPLIST_FILE = YES;
				MARKETING_VERSION = 1.0;
				PRODUCT_BUNDLE_IDENTIFIER = IoannisManologlou.StoryCastUITests;
				PRODUCT_NAME = "$(TARGET_NAME)";
				STRING_CATALOG_GENERATE_SYMBOLS = NO;
				SWIFT_APPROACHABLE_CONCURRENCY = YES;
				SWIFT_EMIT_LOC_STRINGS = NO;
				SWIFT_VERSION = 6;
				TARGETED_DEVICE_FAMILY = "1,2";
				TEST_TARGET_NAME = StoryCast;
			};
			name = Debug;
		};
		528C00CA2F08892100A6E0F7 /* Release */ = {
			isa = XCBuildConfiguration;
			buildSettings = {
				CODE_SIGN_STYLE = Automatic;
				CURRENT_PROJECT_VERSION = 1;
				DEVELOPMENT_TEAM = ZY5G2U9YN3;
				GENERATE_INFOPLIST_FILE = YES;
				MARKETING_VERSION = 1.0;
				PRODUCT_BUNDLE_IDENTIFIER = IoannisManologlou.StoryCastUITests;
				PRODUCT_NAME = "$(TARGET_NAME)";
				STRING_CATALOG_GENERATE_SYMBOLS = NO;
				SWIFT_APPROACHABLE_CONCURRENCY = YES;
				SWIFT_EMIT_LOC_STRINGS = NO;
				SWIFT_VERSION = 6;
				TARGETED_DEVICE_FAMILY = "1,2";
				TEST_TARGET_NAME = StoryCast;
			};
			name = Release;
		};
/* End XCBuildConfiguration section */

/* Begin XCConfigurationList section */
		528C009A2F08892000A6E0F7 /* Build configuration list for PBXProject "StoryCast" */ = {
			isa = XCConfigurationList;
			buildConfigurations = (
				528C00C02F08892100A6E0F7 /* Debug */,
				528C00C12F08892100A6E0F7 /* Release */,
			);
			defaultConfigurationIsVisible = 0;
			defaultConfigurationName = Release;
		};
		528C00C22F08892100A6E0F7 /* Build configuration list for PBXNativeTarget "StoryCast" */ = {
			isa = XCConfigurationList;
			buildConfigurations = (
				528C00C32F08892100A6E0F7 /* Debug */,
				528C00C42F08892100A6E0F7 /* Release */,
			);
			defaultConfigurationIsVisible = 0;
			defaultConfigurationName = Release;
		};
		528C00C52F08892100A6E0F7 /* Build configuration list for PBXNativeTarget "StoryCastTests" */ = {
			isa = XCConfigurationList;
			buildConfigurations = (
				528C00C62F08892100A6E0F7 /* Debug */,
				528C00C72F08892100A6E0F7 /* Release */,
			);
			defaultConfigurationIsVisible = 0;
			defaultConfigurationName = Release;
		};
		528C00C82F08892100A6E0F7 /* Build configuration list for PBXNativeTarget "StoryCastUITests" */ = {
			isa = XCConfigurationList;
			buildConfigurations = (
				528C00C92F08892100A6E0F7 /* Debug */,
				528C00CA2F08892100A6E0F7 /* Release */,
			);
			defaultConfigurationIsVisible = 0;
			defaultConfigurationName = Release;
		};
/* End XCConfigurationList section */
	};
	rootObject = 528C00972F08892000A6E0F7 /* Project object */;
}
